
Microsoft Visual Studio Solution File, Format Version 12.00
# Visual Studio Version 17
VisualStudioVersion = 17.8.0.0
MinimumVisualStudioVersion = 17.8.0.0
Project("{2150E333-8FDC-42A3-9474-1A3956D46DE8}") = "src", "src", "{827E0CD3-B72D-47B6-A68D-7590B98EB39B}"
EndProject
Project("{FAE04EC0-301F-11D3-BF4B-00C04F79EFBC}") = "ShopSphere.Api", "src\ShopSphere.Api\ShopSphere.Api.csproj", "{D2C5B495-A5E5-474E-A1F2-808DF7E181CC}"
EndProject
Project("{FAE04EC0-301F-11D3-BF4B-00C04F79EFBC}") = "ShopSphere.ServiceDefaults", "src\ShopSphere.ServiceDefaults\ShopSphere.ServiceDefaults.csproj", "{6625D173-6C02-439E-AD52-6BBC4D805D4E}"
EndProject
Project("{FAE04EC0-301F-11D3-BF4B-00C04F79EFBC}") = "ShopSphere.AppHost", "src\ShopSphere.AppHost\ShopSphere.AppHost.csproj", "{1C3B979D-8E4D-4399-B639-D39D0690D42A}"
EndProject
Global
	GlobalSection(SolutionConfigurationPlatforms) = preSolution
		Debug|Any CPU = Debug|Any CPU
		Debug|x64 = Debug|x64
		Debug|x86 = Debug|x86
		Release|Any CPU = Release|Any CPU
		Release|x64 = Release|x64
		Release|x86 = Release|x86
	EndGlobalSection
	GlobalSection(ProjectConfigurationPlatforms) = postSolution
		{D2C5B495-A5E5-474E-A1F2-808DF7E181CC}.Debug|Any CPU.ActiveCfg = Debug|Any CPU
		{D2C5B495-A5E5-474E-A1F2-808DF7E181CC}.Debug|Any CPU.Build.0 = Debug|Any CPU
		{D2C5B495-A5E5-474E-A1F2-808DF7E181CC}.Debug|x64.ActiveCfg = Debug|Any CPU
		{D2C5B495-A5E5-474E-A1F2-808DF7E181CC}.Debug|x64.Build.0 = Debug|Any CPU
		{D2C5B495-A5E5-474E-A1F2-808DF7E181CC}.Debug|x86.ActiveCfg = Debug|Any CPU
		{D2C5B495-A5E5-474E-A1F2-808DF7E181CC}.Debug|x86.Build.0 = Debug|Any CPU
		{D2C5B495-A5E5-474E-A1F2-808DF7E181CC}.Release|Any CPU.ActiveCfg = Release|Any CPU
		{D2C5B495-A5E5-474E-A1F2-808DF7E181CC}.Release|Any CPU.Build.0 = Release|Any CPU
		{D2C5B495-A5E5-474E-A1F2-808DF7E181CC}.Release|x64.ActiveCfg = Release|Any CPU
		{D2C5B495-A5E5-474E-A1F2-808DF7E181CC}.Release|x64.Build.0 = Release|Any CPU
		{D2C5B495-A5E5-474E-A1F2-808DF7E181CC}.Release|x86.ActiveCfg = Release|Any CPU
		{D2C5B495-A5E5-474E-A1F2-808DF7E181CC}.Release|x86.Build.0 = Release|Any CPU
		{6625D173-6C02-439E-AD52-6BBC4D805D4E}.Debug|Any CPU.ActiveCfg = Debug|Any CPU
		{6625D173-6C02-439E-AD52-6BBC4D805D4E}.Debug|Any CPU.Build.0 = Debug|Any CPU
		{6625D173-6C02-439E-AD52-6BBC4D805D4E}.Debug|x64.ActiveCfg = Debug|Any CPU
		{6625D173-6C02-439E-AD52-6BBC4D805D4E}.Debug|x64.Build.0 = Debug|Any CPU
		{6625D173-6C02-439E-AD52-6BBC4D805D4E}.Debug|x86.ActiveCfg = Debug|Any CPU
		{6625D173-6C02-439E-AD52-6BBC4D805D4E}.Debug|x86.Build.0 = Debug|Any CPU
		{6625D173-6C02-439E-AD52-6BBC4D805D4E}.Release|Any CPU.ActiveCfg = Release|Any CPU
		{6625D173-6C02-439E-AD52-6BBC4D805D4E}.Release|Any CPU.Build.0 = Release|Any CPU
		{6625D173-6C02-439E-AD52-6BBC4D805D4E}.Release|x64.ActiveCfg = Release|Any CPU
		{6625D173-6C02-439E-AD52-6BBC4D805D4E}.Release|x64.Build.0 = Release|Any CPU
		{6625D173-6C02-439E-AD52-6BBC4D805D4E}.Release|x86.ActiveCfg = Release|Any CPU
		{6625D173-6C02-439E-AD52-6BBC4D805D4E}.Release|x86.Build.0 = Release|Any CPU
		{1C3B979D-8E4D-4399-B639-D39D0690D42A}.Debug|Any CPU.ActiveCfg = Debug|Any CPU
		{1C3B979D-8E4D-4399-B639-D39D0690D42A}.Debug|Any CPU.Build.0 = Debug|Any CPU
		{1C3B979D-8E4D-4399-B639-D39D0690D42A}.Debug|x64.ActiveCfg = Debug|Any CPU
		{1C3B979D-8E4D-4399-B639-D39D0690D42A}.Debug|x64.Build.0 = Debug|Any CPU
		{1C3B979D-8E4D-4399-B639-D39D0690D42A}.Debug|x86.ActiveCfg = Debug|Any CPU
		{1C3B979D-8E4D-4399-B639-D39D0690D42A}.Debug|x86.Build.0 = Debug|Any CPU
		{1C3B979D-8E4D-4399-B639-D39D0690D42A}.Release|Any CPU.ActiveCfg = Release|Any CPU
		{1C3B979D-8E4D-4399-B639-D39D0690D42A}.Release|Any CPU.Build.0 = Release|Any CPU
		{1C3B979D-8E4D-4399-B639-D39D0690D42A}.Release|x64.ActiveCfg = Release|Any CPU
		{1C3B979D-8E4D-4399-B639-D39D0690D42A}.Release|x64.Build.0 = Release|Any CPU
		{1C3B979D-8E4D-4399-B639-D39D0690D42A}.Release|x86.ActiveCfg = Release|Any CPU
		{1C3B979D-8E4D-4399-B639-D39D0690D42A}.Release|x86.Build.0 = Release|Any CPU
	EndGlobalSection
	GlobalSection(SolutionProperties) = preSolution
		HideSolutionNode = FALSE
	EndGlobalSection
	GlobalSection(NestedProjects) = preSolution
		{D2C5B495-A5E5-474E-A1F2-808DF7E181CC} = {827E0CD3-B72D-47B6-A68D-7590B98EB39B}
		{6625D173-6C02-439E-AD52-6BBC4D805D4E} = {827E0CD3-B72D-47B6-A68D-7590B98EB39B}
		{1C3B979D-8E4D-4399-B639-D39D0690D42A} = {827E0CD3-B72D-47B6-A68D-7590B98EB39B}
	EndGlobalSection
	GlobalSection(ExtensibilityGlobals) = postSolution
		SolutionGuid = {0AB4BBAB-EFB7-4987-B426-426B6E7326C5}
	EndGlobalSection
EndGlobal
